
Microsoft Visual Studio Solution File, Format Version 12.00
# Visual Studio Version 16
VisualStudioVersion = 16.0.31911.196
MinimumVisualStudioVersion = 10.0.40219.1
Project("{9A19103F-16F7-4668-BE54-9A1E7A4F7556}") = "Xcentium-Techincal-Code", "Xcentium-Techincal-Code.csproj", "{AF947BB9-6BB3-4498-82A1-55398FB651A4}"
EndProject
Project("{FAE04EC0-301F-11D3-BF4B-00C04F79EFBC}") = "XcentiumTest", "..\XcentiumTest\XcentiumTest.csproj", "{45437602-4594-4764-A62B-8EDDC664B05B}"
EndProject
Global
	GlobalSection(SolutionConfigurationPlatforms) = preSolution
		Debug|Any CPU = Debug|Any CPU
		Release|Any CPU = Release|Any CPU
	EndGlobalSection
	GlobalSection(ProjectConfigurationPlatforms) = postSolution
		{AF947BB9-6BB3-4498-82A1-55398FB651A4}.Debug|Any CPU.ActiveCfg = Debug|Any CPU
		{AF947BB9-6BB3-4498-82A1-55398FB651A4}.Debug|Any CPU.Build.0 = Debug|Any CPU
		{AF947BB9-6BB3-4498-82A1-55398FB651A4}.Release|Any CPU.ActiveCfg = Release|Any CPU
		{AF947BB9-6BB3-4498-82A1-55398FB651A4}.Release|Any CPU.Build.0 = Release|Any CPU
		{45437602-4594-4764-A62B-8EDDC664B05B}.Debug|Any CPU.ActiveCfg = Debug|Any CPU
		{45437602-4594-4764-A62B-8EDDC664B05B}.Debug|Any CPU.Build.0 = Debug|Any CPU
		{45437602-4594-4764-A62B-8EDDC664B05B}.Release|Any CPU.ActiveCfg = Release|Any CPU
		{45437602-4594-4764-A62B-8EDDC664B05B}.Release|Any CPU.Build.0 = Release|Any CPU
	EndGlobalSection
	GlobalSection(SolutionProperties) = preSolution
		HideSolutionNode = FALSE
	EndGlobalSection
	GlobalSection(ExtensibilityGlobals) = postSolution
		SolutionGuid = {2A81D175-7927-4489-949A-026702B9503E}
	EndGlobalSection
EndGlobal
